
Microsoft Visual Studio Solution File, Format Version 12.00
# Visual Studio 2013
VisualStudioVersion = 12.0.31101.0
MinimumVisualStudioVersion = 10.0.40219.1
Project("{FAE04EC0-301F-11D3-BF4B-00C04F79EFBC}") = "StatusCake.Client", "StatusCake.Client\StatusCake.Client.csproj", "{68508773-D919-42A4-BDCF-880ABAC092D2}"
EndProject
Project("{FAE04EC0-301F-11D3-BF4B-00C04F79EFBC}") = "StatusCake.Client.Example", "StatusCake.Client.Example\StatusCake.Client.Example.csproj", "{53C6E760-E430-4D8B-B92E-C673E646C4CC}"
EndProject
Global
	GlobalSection(SolutionConfigurationPlatforms) = preSolution
		Debug|Any CPU = Debug|Any CPU
		Release|Any CPU = Release|Any CPU
	EndGlobalSection
	GlobalSection(ProjectConfigurationPlatforms) = postSolution
		{68508773-D919-42A4-BDCF-880ABAC092D2}.Debug|Any CPU.ActiveCfg = Debug|Any CPU
		{68508773-D919-42A4-BDCF-880ABAC092D2}.Debug|Any CPU.Build.0 = Debug|Any CPU
		{68508773-D919-42A4-BDCF-880ABAC092D2}.Release|Any CPU.ActiveCfg = Release|Any CPU
		{68508773-D919-42A4-BDCF-880ABAC092D2}.Release|Any CPU.Build.0 = Release|Any CPU
		{53C6E760-E430-4D8B-B92E-C673E646C4CC}.Debug|Any CPU.ActiveCfg = Debug|Any CPU
		{53C6E760-E430-4D8B-B92E-C673E646C4CC}.Debug|Any CPU.Build.0 = Debug|Any CPU
		{53C6E760-E430-4D8B-B92E-C673E646C4CC}.Release|Any CPU.ActiveCfg = Release|Any CPU
		{53C6E760-E430-4D8B-B92E-C673E646C4CC}.Release|Any CPU.Build.0 = Release|Any CPU
	EndGlobalSection
	GlobalSection(SolutionProperties) = preSolution
		HideSolutionNode = FALSE
	EndGlobalSection
EndGlobal
